// !$*UTF8*$!
{
	archiveVersion = 1;
	classes = {
	};
	objectVersion = 46;
	objects = {

/* Begin PBXBuildFile section */
		6B6ED58C1B7BB43B00F2AB24 /* InventoryManager.swift in Sources */ = {isa = PBXBuildFile; fileRef = 6B6ED58B1B7BB43B00F2AB24 /* InventoryManager.swift */; };
		6B6ED58D1B7BB43B00F2AB24 /* InventoryManager.swift in Sources */ = {isa = PBXBuildFile; fileRef = 6B6ED58B1B7BB43B00F2AB24 /* InventoryManager.swift */; };
		6B6ED58F1B7BC42E00F2AB24 /* PersistantStack.swift in Sources */ = {isa = PBXBuildFile; fileRef = 6B6ED58E1B7BC42E00F2AB24 /* PersistantStack.swift */; };
		6B6ED5901B7BC42E00F2AB24 /* PersistantStack.swift in Sources */ = {isa = PBXBuildFile; fileRef = 6B6ED58E1B7BC42E00F2AB24 /* PersistantStack.swift */; };
		6B6ED5921B7BD8DB00F2AB24 /* InventoryTableViewCell.swift in Sources */ = {isa = PBXBuildFile; fileRef = 6B6ED5911B7BD8DB00F2AB24 /* InventoryTableViewCell.swift */; };
		6B6ED5931B7BD8DB00F2AB24 /* InventoryTableViewCell.swift in Sources */ = {isa = PBXBuildFile; fileRef = 6B6ED5911B7BD8DB00F2AB24 /* InventoryTableViewCell.swift */; };
		6B6ED5951B7BDE5B00F2AB24 /* Media.xcassets in Resources */ = {isa = PBXBuildFile; fileRef = 6B6ED5941B7BDE5B00F2AB24 /* Media.xcassets */; };
		6B6ED5961B7BDE5B00F2AB24 /* Media.xcassets in Resources */ = {isa = PBXBuildFile; fileRef = 6B6ED5941B7BDE5B00F2AB24 /* Media.xcassets */; };
		6B6ED5981B7C0A8A00F2AB24 /* InventoryDetailsViewController.swift in Sources */ = {isa = PBXBuildFile; fileRef = 6B6ED5971B7C0A8A00F2AB24 /* InventoryDetailsViewController.swift */; };
		6B6ED5991B7C0A8A00F2AB24 /* InventoryDetailsViewController.swift in Sources */ = {isa = PBXBuildFile; fileRef = 6B6ED5971B7C0A8A00F2AB24 /* InventoryDetailsViewController.swift */; };
		6B707A091B7BAA1800C79F11 /* InventoryViewController.swift in Sources */ = {isa = PBXBuildFile; fileRef = 6B707A081B7BAA1800C79F11 /* InventoryViewController.swift */; };
		6B707A0B1B7BAB5800C79F11 /* InventoryControllerDataSource.swift in Sources */ = {isa = PBXBuildFile; fileRef = 6B707A0A1B7BAB5800C79F11 /* InventoryControllerDataSource.swift */; };
		6B7B28B31B7AAA670062DFED /* AppDelegate.swift in Sources */ = {isa = PBXBuildFile; fileRef = 6B7B28B21B7AAA670062DFED /* AppDelegate.swift */; };
		6B7B28B81B7AAA670062DFED /* Main.storyboard in Resources */ = {isa = PBXBuildFile; fileRef = 6B7B28B61B7AAA670062DFED /* Main.storyboard */; };
		6B7B28BB1B7AAA670062DFED /* Plazr.xcdatamodeld in Sources */ = {isa = PBXBuildFile; fileRef = 6B7B28B91B7AAA670062DFED /* Plazr.xcdatamodeld */; };
		6B7B28BD1B7AAA670062DFED /* Assets.xcassets in Resources */ = {isa = PBXBuildFile; fileRef = 6B7B28BC1B7AAA670062DFED /* Assets.xcassets */; };
		6B7B28C01B7AAA670062DFED /* LaunchScreen.storyboard in Resources */ = {isa = PBXBuildFile; fileRef = 6B7B28BE1B7AAA670062DFED /* LaunchScreen.storyboard */; };
		6B7B28CB1B7AAA670062DFED /* PlazrTests.swift in Sources */ = {isa = PBXBuildFile; fileRef = 6B7B28CA1B7AAA670062DFED /* PlazrTests.swift */; };
		6B7B28D61B7AAA670062DFED /* PlazrUITests.swift in Sources */ = {isa = PBXBuildFile; fileRef = 6B7B28D51B7AAA670062DFED /* PlazrUITests.swift */; };
		6B7B28F61B7B86BC0062DFED /* DataStructures.swift in Sources */ = {isa = PBXBuildFile; fileRef = 6B7B28F51B7B86BC0062DFED /* DataStructures.swift */; };
		6B7B28F71B7B86BC0062DFED /* DataStructures.swift in Sources */ = {isa = PBXBuildFile; fileRef = 6B7B28F51B7B86BC0062DFED /* DataStructures.swift */; };
		6B7B29301B7B9A230062DFED /* CustomerData+CoreDataProperties.swift in Sources */ = {isa = PBXBuildFile; fileRef = 6B7B29281B7B9A230062DFED /* CustomerData+CoreDataProperties.swift */; };
		6B7B29311B7B9A230062DFED /* CustomerData+CoreDataProperties.swift in Sources */ = {isa = PBXBuildFile; fileRef = 6B7B29281B7B9A230062DFED /* CustomerData+CoreDataProperties.swift */; };
		6B7B29321B7B9A230062DFED /* CustomerData.swift in Sources */ = {isa = PBXBuildFile; fileRef = 6B7B29291B7B9A230062DFED /* CustomerData.swift */; };
		6B7B29331B7B9A230062DFED /* CustomerData.swift in Sources */ = {isa = PBXBuildFile; fileRef = 6B7B29291B7B9A230062DFED /* CustomerData.swift */; };
		6B7B29341B7B9A230062DFED /* TransactionData+CoreDataProperties.swift in Sources */ = {isa = PBXBuildFile; fileRef = 6B7B292A1B7B9A230062DFED /* TransactionData+CoreDataProperties.swift */; };
		6B7B29351B7B9A230062DFED /* TransactionData+CoreDataProperties.swift in Sources */ = {isa = PBXBuildFile; fileRef = 6B7B292A1B7B9A230062DFED /* TransactionData+CoreDataProperties.swift */; };
		6B7B29361B7B9A230062DFED /* TransactionData.swift in Sources */ = {isa = PBXBuildFile; fileRef = 6B7B292B1B7B9A230062DFED /* TransactionData.swift */; };
		6B7B29371B7B9A230062DFED /* TransactionData.swift in Sources */ = {isa = PBXBuildFile; fileRef = 6B7B292B1B7B9A230062DFED /* TransactionData.swift */; };
		6B7B29381B7B9A230062DFED /* InventoryData+CoreDataProperties.swift in Sources */ = {isa = PBXBuildFile; fileRef = 6B7B292C1B7B9A230062DFED /* InventoryData+CoreDataProperties.swift */; };
		6B7B29391B7B9A230062DFED /* InventoryData+CoreDataProperties.swift in Sources */ = {isa = PBXBuildFile; fileRef = 6B7B292C1B7B9A230062DFED /* InventoryData+CoreDataProperties.swift */; };
		6B7B293A1B7B9A230062DFED /* InventoryData.swift in Sources */ = {isa = PBXBuildFile; fileRef = 6B7B292D1B7B9A230062DFED /* InventoryData.swift */; };
		6B7B293B1B7B9A230062DFED /* InventoryData.swift in Sources */ = {isa = PBXBuildFile; fileRef = 6B7B292D1B7B9A230062DFED /* InventoryData.swift */; };
		6B7B293C1B7B9A230062DFED /* TransactionItemData+CoreDataProperties.swift in Sources */ = {isa = PBXBuildFile; fileRef = 6B7B292E1B7B9A230062DFED /* TransactionItemData+CoreDataProperties.swift */; };
		6B7B293D1B7B9A230062DFED /* TransactionItemData+CoreDataProperties.swift in Sources */ = {isa = PBXBuildFile; fileRef = 6B7B292E1B7B9A230062DFED /* TransactionItemData+CoreDataProperties.swift */; };
		6B7B293E1B7B9A230062DFED /* TransactionItemData.swift in Sources */ = {isa = PBXBuildFile; fileRef = 6B7B292F1B7B9A230062DFED /* TransactionItemData.swift */; };
		6B7B293F1B7B9A230062DFED /* TransactionItemData.swift in Sources */ = {isa = PBXBuildFile; fileRef = 6B7B292F1B7B9A230062DFED /* TransactionItemData.swift */; };
/* End PBXBuildFile section */

/* Begin PBXContainerItemProxy section */
		6B7B28C71B7AAA670062DFED /* PBXContainerItemProxy */ = {
			isa = PBXContainerItemProxy;
			containerPortal = 6B7B28A71B7AAA670062DFED /* Project object */;
			proxyType = 1;
			remoteGlobalIDString = 6B7B28AE1B7AAA670062DFED;
			remoteInfo = Plazr;
		};
		6B7B28D21B7AAA670062DFED /* PBXContainerItemProxy */ = {
			isa = PBXContainerItemProxy;
			containerPortal = 6B7B28A71B7AAA670062DFED /* Project object */;
			proxyType = 1;
			remoteGlobalIDString = 6B7B28AE1B7AAA670062DFED;
			remoteInfo = Plazr;
		};
/* End PBXContainerItemProxy section */

/* Begin PBXFileReference section */
		6B6ED58B1B7BB43B00F2AB24 /* InventoryManager.swift */ = {isa = PBXFileReference; fileEncoding = 4; lastKnownFileType = sourcecode.swift; path = InventoryManager.swift; sourceTree = "<group>"; };
		6B6ED58E1B7BC42E00F2AB24 /* PersistantStack.swift */ = {isa = PBXFileReference; fileEncoding = 4; lastKnownFileType = sourcecode.swift; path = PersistantStack.swift; sourceTree = "<group>"; };
		6B6ED5911B7BD8DB00F2AB24 /* InventoryTableViewCell.swift */ = {isa = PBXFileReference; fileEncoding = 4; lastKnownFileType = sourcecode.swift; path = InventoryTableViewCell.swift; sourceTree = "<group>"; };
		6B6ED5941B7BDE5B00F2AB24 /* Media.xcassets */ = {isa = PBXFileReference; lastKnownFileType = folder.assetcatalog; path = Media.xcassets; sourceTree = "<group>"; };
		6B6ED5971B7C0A8A00F2AB24 /* InventoryDetailsViewController.swift */ = {isa = PBXFileReference; fileEncoding = 4; lastKnownFileType = sourcecode.swift; path = InventoryDetailsViewController.swift; sourceTree = "<group>"; };
		6B707A081B7BAA1800C79F11 /* InventoryViewController.swift */ = {isa = PBXFileReference; fileEncoding = 4; lastKnownFileType = sourcecode.swift; path = InventoryViewController.swift; sourceTree = "<group>"; };
		6B707A0A1B7BAB5800C79F11 /* InventoryControllerDataSource.swift */ = {isa = PBXFileReference; fileEncoding = 4; lastKnownFileType = sourcecode.swift; path = InventoryControllerDataSource.swift; sourceTree = "<group>"; };
		6B7B28AF1B7AAA670062DFED /* Plazr.app */ = {isa = PBXFileReference; explicitFileType = wrapper.application; includeInIndex = 0; path = Plazr.app; sourceTree = BUILT_PRODUCTS_DIR; };
		6B7B28B21B7AAA670062DFED /* AppDelegate.swift */ = {isa = PBXFileReference; lastKnownFileType = sourcecode.swift; path = AppDelegate.swift; sourceTree = "<group>"; };
		6B7B28B71B7AAA670062DFED /* Base */ = {isa = PBXFileReference; lastKnownFileType = file.storyboard; name = Base; path = Base.lproj/Main.storyboard; sourceTree = "<group>"; };
		6B7B28BA1B7AAA670062DFED /* Plazr.xcdatamodel */ = {isa = PBXFileReference; lastKnownFileType = wrapper.xcdatamodel; path = Plazr.xcdatamodel; sourceTree = "<group>"; };
		6B7B28BC1B7AAA670062DFED /* Assets.xcassets */ = {isa = PBXFileReference; lastKnownFileType = folder.assetcatalog; path = Assets.xcassets; sourceTree = "<group>"; };
		6B7B28BF1B7AAA670062DFED /* Base */ = {isa = PBXFileReference; lastKnownFileType = file.storyboard; name = Base; path = Base.lproj/LaunchScreen.storyboard; sourceTree = "<group>"; };
		6B7B28C11B7AAA670062DFED /* Info.plist */ = {isa = PBXFileReference; lastKnownFileType = text.plist.xml; path = Info.plist; sourceTree = "<group>"; };
		6B7B28C61B7AAA670062DFED /* PlazrTests.xctest */ = {isa = PBXFileReference; explicitFileType = wrapper.cfbundle; includeInIndex = 0; path = PlazrTests.xctest; sourceTree = BUILT_PRODUCTS_DIR; };
		6B7B28CA1B7AAA670062DFED /* PlazrTests.swift */ = {isa = PBXFileReference; lastKnownFileType = sourcecode.swift; path = PlazrTests.swift; sourceTree = "<group>"; };
		6B7B28CC1B7AAA670062DFED /* Info.plist */ = {isa = PBXFileReference; lastKnownFileType = text.plist.xml; path = Info.plist; sourceTree = "<group>"; };
		6B7B28D11B7AAA670062DFED /* PlazrUITests.xctest */ = {isa = PBXFileReference; explicitFileType = wrapper.cfbundle; includeInIndex = 0; path = PlazrUITests.xctest; sourceTree = BUILT_PRODUCTS_DIR; };
		6B7B28D51B7AAA670062DFED /* PlazrUITests.swift */ = {isa = PBXFileReference; lastKnownFileType = sourcecode.swift; path = PlazrUITests.swift; sourceTree = "<group>"; };
		6B7B28D71B7AAA670062DFED /* Info.plist */ = {isa = PBXFileReference; lastKnownFileType = text.plist.xml; path = Info.plist; sourceTree = "<group>"; };
		6B7B28F51B7B86BC0062DFED /* DataStructures.swift */ = {isa = PBXFileReference; fileEncoding = 4; lastKnownFileType = sourcecode.swift; path = DataStructures.swift; sourceTree = "<group>"; };
		6B7B29281B7B9A230062DFED /* CustomerData+CoreDataProperties.swift */ = {isa = PBXFileReference; fileEncoding = 4; lastKnownFileType = sourcecode.swift; name = "CustomerData+CoreDataProperties.swift"; path = "../CustomerData+CoreDataProperties.swift"; sourceTree = "<group>"; };
		6B7B29291B7B9A230062DFED /* CustomerData.swift */ = {isa = PBXFileReference; fileEncoding = 4; lastKnownFileType = sourcecode.swift; name = CustomerData.swift; path = ../CustomerData.swift; sourceTree = "<group>"; };
		6B7B292A1B7B9A230062DFED /* TransactionData+CoreDataProperties.swift */ = {isa = PBXFileReference; fileEncoding = 4; lastKnownFileType = sourcecode.swift; name = "TransactionData+CoreDataProperties.swift"; path = "../TransactionData+CoreDataProperties.swift"; sourceTree = "<group>"; };
		6B7B292B1B7B9A230062DFED /* TransactionData.swift */ = {isa = PBXFileReference; fileEncoding = 4; lastKnownFileType = sourcecode.swift; name = TransactionData.swift; path = ../TransactionData.swift; sourceTree = "<group>"; };
		6B7B292C1B7B9A230062DFED /* InventoryData+CoreDataProperties.swift */ = {isa = PBXFileReference; fileEncoding = 4; lastKnownFileType = sourcecode.swift; name = "InventoryData+CoreDataProperties.swift"; path = "../InventoryData+CoreDataProperties.swift"; sourceTree = "<group>"; };
		6B7B292D1B7B9A230062DFED /* InventoryData.swift */ = {isa = PBXFileReference; fileEncoding = 4; lastKnownFileType = sourcecode.swift; name = InventoryData.swift; path = ../InventoryData.swift; sourceTree = "<group>"; };
		6B7B292E1B7B9A230062DFED /* TransactionItemData+CoreDataProperties.swift */ = {isa = PBXFileReference; fileEncoding = 4; lastKnownFileType = sourcecode.swift; name = "TransactionItemData+CoreDataProperties.swift"; path = "../TransactionItemData+CoreDataProperties.swift"; sourceTree = "<group>"; };
		6B7B292F1B7B9A230062DFED /* TransactionItemData.swift */ = {isa = PBXFileReference; fileEncoding = 4; lastKnownFileType = sourcecode.swift; name = TransactionItemData.swift; path = ../TransactionItemData.swift; sourceTree = "<group>"; };
/* End PBXFileReference section */

/* Begin PBXFrameworksBuildPhase section */
		6B7B28AC1B7AAA670062DFED /* Frameworks */ = {
			isa = PBXFrameworksBuildPhase;
			buildActionMask = 2147483647;
			files = (
			);
			runOnlyForDeploymentPostprocessing = 0;
		};
		6B7B28C31B7AAA670062DFED /* Frameworks */ = {
			isa = PBXFrameworksBuildPhase;
			buildActionMask = 2147483647;
			files = (
			);
			runOnlyForDeploymentPostprocessing = 0;
		};
		6B7B28CE1B7AAA670062DFED /* Frameworks */ = {
			isa = PBXFrameworksBuildPhase;
			buildActionMask = 2147483647;
			files = (
			);
			runOnlyForDeploymentPostprocessing = 0;
		};
/* End PBXFrameworksBuildPhase section */

/* Begin PBXGroup section */
		6B7B28A61B7AAA670062DFED = {
			isa = PBXGroup;
			children = (
				6B7B28B11B7AAA670062DFED /* Plazr */,
				6B7B28C91B7AAA670062DFED /* PlazrTests */,
				6B7B28D41B7AAA670062DFED /* PlazrUITests */,
				6B7B28B01B7AAA670062DFED /* Products */,
			);
			sourceTree = "<group>";
		};
		6B7B28B01B7AAA670062DFED /* Products */ = {
			isa = PBXGroup;
			children = (
				6B7B28AF1B7AAA670062DFED /* Plazr.app */,
				6B7B28C61B7AAA670062DFED /* PlazrTests.xctest */,
				6B7B28D11B7AAA670062DFED /* PlazrUITests.xctest */,
			);
			name = Products;
			sourceTree = "<group>";
		};
		6B7B28B11B7AAA670062DFED /* Plazr */ = {
			isa = PBXGroup;
			children = (
				6B7B28B21B7AAA670062DFED /* AppDelegate.swift */,
				6B6ED58B1B7BB43B00F2AB24 /* InventoryManager.swift */,
				6B6ED5911B7BD8DB00F2AB24 /* InventoryTableViewCell.swift */,
				6B707A0A1B7BAB5800C79F11 /* InventoryControllerDataSource.swift */,
				6B707A081B7BAA1800C79F11 /* InventoryViewController.swift */,
				6B6ED5971B7C0A8A00F2AB24 /* InventoryDetailsViewController.swift */,
				6B7B28B61B7AAA670062DFED /* Main.storyboard */,
				6B7B28BE1B7AAA670062DFED /* LaunchScreen.storyboard */,
				6B7B28F51B7B86BC0062DFED /* DataStructures.swift */,
				6B7B28F31B7AB6BF0062DFED /* CoreData */,
				6B7B28F41B7AB6DE0062DFED /* Supporting Files */,
			);
			path = Plazr;
			sourceTree = "<group>";
		};
		6B7B28C91B7AAA670062DFED /* PlazrTests */ = {
			isa = PBXGroup;
			children = (
				6B7B28CA1B7AAA670062DFED /* PlazrTests.swift */,
				6B7B28CC1B7AAA670062DFED /* Info.plist */,
			);
			path = PlazrTests;
			sourceTree = "<group>";
		};
		6B7B28D41B7AAA670062DFED /* PlazrUITests */ = {
			isa = PBXGroup;
			children = (
				6B7B28D51B7AAA670062DFED /* PlazrUITests.swift */,
				6B7B28D71B7AAA670062DFED /* Info.plist */,
			);
			path = PlazrUITests;
			sourceTree = "<group>";
		};
		6B7B28F31B7AB6BF0062DFED /* CoreData */ = {
			isa = PBXGroup;
			children = (
				6B7B28B91B7AAA670062DFED /* Plazr.xcdatamodeld */,
				6B6ED58E1B7BC42E00F2AB24 /* PersistantStack.swift */,
				6B7B29281B7B9A230062DFED /* CustomerData+CoreDataProperties.swift */,
				6B7B29291B7B9A230062DFED /* CustomerData.swift */,
				6B7B292A1B7B9A230062DFED /* TransactionData+CoreDataProperties.swift */,
				6B7B292B1B7B9A230062DFED /* TransactionData.swift */,
				6B7B292C1B7B9A230062DFED /* InventoryData+CoreDataProperties.swift */,
				6B7B292D1B7B9A230062DFED /* InventoryData.swift */,
				6B7B292E1B7B9A230062DFED /* TransactionItemData+CoreDataProperties.swift */,
				6B7B292F1B7B9A230062DFED /* TransactionItemData.swift */,
			);
			name = CoreData;
			sourceTree = "<group>";
		};
		6B7B28F41B7AB6DE0062DFED /* Supporting Files */ = {
			isa = PBXGroup;
			children = (
				6B6ED5941B7BDE5B00F2AB24 /* Media.xcassets */,
				6B7B28BC1B7AAA670062DFED /* Assets.xcassets */,
				6B7B28C11B7AAA670062DFED /* Info.plist */,
			);
			name = "Supporting Files";
			sourceTree = "<group>";
		};
/* End PBXGroup section */

/* Begin PBXNativeTarget section */
		6B7B28AE1B7AAA670062DFED /* Plazr */ = {
			isa = PBXNativeTarget;
			buildConfigurationList = 6B7B28DA1B7AAA670062DFED /* Build configuration list for PBXNativeTarget "Plazr" */;
			buildPhases = (
				6B7B28AB1B7AAA670062DFED /* Sources */,
				6B7B28AC1B7AAA670062DFED /* Frameworks */,
				6B7B28AD1B7AAA670062DFED /* Resources */,
			);
			buildRules = (
			);
			dependencies = (
			);
			name = Plazr;
			productName = Plazr;
			productReference = 6B7B28AF1B7AAA670062DFED /* Plazr.app */;
			productType = "com.apple.product-type.application";
		};
		6B7B28C51B7AAA670062DFED /* PlazrTests */ = {
			isa = PBXNativeTarget;
			buildConfigurationList = 6B7B28DD1B7AAA670062DFED /* Build configuration list for PBXNativeTarget "PlazrTests" */;
			buildPhases = (
				6B7B28C21B7AAA670062DFED /* Sources */,
				6B7B28C31B7AAA670062DFED /* Frameworks */,
				6B7B28C41B7AAA670062DFED /* Resources */,
			);
			buildRules = (
			);
			dependencies = (
				6B7B28C81B7AAA670062DFED /* PBXTargetDependency */,
			);
			name = PlazrTests;
			productName = PlazrTests;
			productReference = 6B7B28C61B7AAA670062DFED /* PlazrTests.xctest */;
			productType = "com.apple.product-type.bundle.unit-test";
		};
		6B7B28D01B7AAA670062DFED /* PlazrUITests */ = {
			isa = PBXNativeTarget;
			buildConfigurationList = 6B7B28E01B7AAA670062DFED /* Build configuration list for PBXNativeTarget "PlazrUITests" */;
			buildPhases = (
				6B7B28CD1B7AAA670062DFED /* Sources */,
				6B7B28CE1B7AAA670062DFED /* Frameworks */,
				6B7B28CF1B7AAA670062DFED /* Resources */,
			);
			buildRules = (
			);
			dependencies = (
				6B7B28D31B7AAA670062DFED /* PBXTargetDependency */,
			);
			name = PlazrUITests;
			productName = PlazrUITests;
			productReference = 6B7B28D11B7AAA670062DFED /* PlazrUITests.xctest */;
			productType = "com.apple.product-type.bundle.ui-testing";
		};
/* End PBXNativeTarget section */

/* Begin PBXProject section */
		6B7B28A71B7AAA670062DFED /* Project object */ = {
			isa = PBXProject;
			attributes = {
				LastUpgradeCheck = 0700;
				ORGANIZATIONNAME = cmyr;
				TargetAttributes = {
					6B7B28AE1B7AAA670062DFED = {
						CreatedOnToolsVersion = 7.0;
					};
					6B7B28C51B7AAA670062DFED = {
						CreatedOnToolsVersion = 7.0;
						TestTargetID = 6B7B28AE1B7AAA670062DFED;
					};
					6B7B28D01B7AAA670062DFED = {
						CreatedOnToolsVersion = 7.0;
						TestTargetID = 6B7B28AE1B7AAA670062DFED;
					};
				};
			};
			buildConfigurationList = 6B7B28AA1B7AAA670062DFED /* Build configuration list for PBXProject "Plazr" */;
			compatibilityVersion = "Xcode 3.2";
			developmentRegion = English;
			hasScannedForEncodings = 0;
			knownRegions = (
				en,
				Base,
			);
			mainGroup = 6B7B28A61B7AAA670062DFED;
			productRefGroup = 6B7B28B01B7AAA670062DFED /* Products */;
			projectDirPath = "";
			projectRoot = "";
			targets = (
				6B7B28AE1B7AAA670062DFED /* Plazr */,
				6B7B28C51B7AAA670062DFED /* PlazrTests */,
				6B7B28D01B7AAA670062DFED /* PlazrUITests */,
			);
		};
/* End PBXProject section */

/* Begin PBXResourcesBuildPhase section */
		6B7B28AD1B7AAA670062DFED /* Resources */ = {
			isa = PBXResourcesBuildPhase;
			buildActionMask = 2147483647;
			files = (
				6B7B28C01B7AAA670062DFED /* LaunchScreen.storyboard in Resources */,
				6B7B28BD1B7AAA670062DFED /* Assets.xcassets in Resources */,
				6B6ED5951B7BDE5B00F2AB24 /* Media.xcassets in Resources */,
				6B7B28B81B7AAA670062DFED /* Main.storyboard in Resources */,
			);
			runOnlyForDeploymentPostprocessing = 0;
		};
		6B7B28C41B7AAA670062DFED /* Resources */ = {
			isa = PBXResourcesBuildPhase;
			buildActionMask = 2147483647;
			files = (
				6B6ED5961B7BDE5B00F2AB24 /* Media.xcassets in Resources */,
			);
			runOnlyForDeploymentPostprocessing = 0;
		};
		6B7B28CF1B7AAA670062DFED /* Resources */ = {
			isa = PBXResourcesBuildPhase;
			buildActionMask = 2147483647;
			files = (
			);
			runOnlyForDeploymentPostprocessing = 0;
		};
/* End PBXResourcesBuildPhase section */

/* Begin PBXSourcesBuildPhase section */
		6B7B28AB1B7AAA670062DFED /* Sources */ = {
			isa = PBXSourcesBuildPhase;
			buildActionMask = 2147483647;
			files = (
				6B7B29361B7B9A230062DFED /* TransactionData.swift in Sources */,
				6B7B293C1B7B9A230062DFED /* TransactionItemData+CoreDataProperties.swift in Sources */,
				6B7B293E1B7B9A230062DFED /* TransactionItemData.swift in Sources */,
				6B707A091B7BAA1800C79F11 /* InventoryViewController.swift in Sources */,
				6B7B29381B7B9A230062DFED /* InventoryData+CoreDataProperties.swift in Sources */,
				6B7B29341B7B9A230062DFED /* TransactionData+CoreDataProperties.swift in Sources */,
				6B7B29321B7B9A230062DFED /* CustomerData.swift in Sources */,
				6B7B28BB1B7AAA670062DFED /* Plazr.xcdatamodeld in Sources */,
				6B6ED5921B7BD8DB00F2AB24 /* InventoryTableViewCell.swift in Sources */,
				6B6ED5981B7C0A8A00F2AB24 /* InventoryDetailsViewController.swift in Sources */,
				6B707A0B1B7BAB5800C79F11 /* InventoryControllerDataSource.swift in Sources */,
				6B7B293A1B7B9A230062DFED /* InventoryData.swift in Sources */,
				6B6ED58C1B7BB43B00F2AB24 /* InventoryManager.swift in Sources */,
				6B7B29301B7B9A230062DFED /* CustomerData+CoreDataProperties.swift in Sources */,
				6B7B28F61B7B86BC0062DFED /* DataStructures.swift in Sources */,
				6B6ED58F1B7BC42E00F2AB24 /* PersistantStack.swift in Sources */,
				6B7B28B31B7AAA670062DFED /* AppDelegate.swift in Sources */,
			);
			runOnlyForDeploymentPostprocessing = 0;
		};
		6B7B28C21B7AAA670062DFED /* Sources */ = {
			isa = PBXSourcesBuildPhase;
			buildActionMask = 2147483647;
			files = (
				6B7B29371B7B9A230062DFED /* TransactionData.swift in Sources */,
				6B7B29351B7B9A230062DFED /* TransactionData+CoreDataProperties.swift in Sources */,
				6B7B29311B7B9A230062DFED /* CustomerData+CoreDataProperties.swift in Sources */,
				6B7B293F1B7B9A230062DFED /* TransactionItemData.swift in Sources */,
				6B6ED5991B7C0A8A00F2AB24 /* InventoryDetailsViewController.swift in Sources */,
				6B7B29391B7B9A230062DFED /* InventoryData+CoreDataProperties.swift in Sources */,
				6B7B29331B7B9A230062DFED /* CustomerData.swift in Sources */,
				6B7B28CB1B7AAA670062DFED /* PlazrTests.swift in Sources */,
				6B6ED5901B7BC42E00F2AB24 /* PersistantStack.swift in Sources */,
				6B7B293B1B7B9A230062DFED /* InventoryData.swift in Sources */,
				6B7B28F71B7B86BC0062DFED /* DataStructures.swift in Sources */,
				6B6ED58D1B7BB43B00F2AB24 /* InventoryManager.swift in Sources */,
				6B6ED5931B7BD8DB00F2AB24 /* InventoryTableViewCell.swift in Sources */,
				6B7B293D1B7B9A230062DFED /* TransactionItemData+CoreDataProperties.swift in Sources */,
			);
			runOnlyForDeploymentPostprocessing = 0;
		};
		6B7B28CD1B7AAA670062DFED /* Sources */ = {
			isa = PBXSourcesBuildPhase;
			buildActionMask = 2147483647;
			files = (
				6B7B28D61B7AAA670062DFED /* PlazrUITests.swift in Sources */,
			);
			runOnlyForDeploymentPostprocessing = 0;
		};
/* End PBXSourcesBuildPhase section */

/* Begin PBXTargetDependency section */
		6B7B28C81B7AAA670062DFED /* PBXTargetDependency */ = {
			isa = PBXTargetDependency;
			target = 6B7B28AE1B7AAA670062DFED /* Plazr */;
			targetProxy = 6B7B28C71B7AAA670062DFED /* PBXContainerItemProxy */;
		};
		6B7B28D31B7AAA670062DFED /* PBXTargetDependency */ = {
			isa = PBXTargetDependency;
			target = 6B7B28AE1B7AAA670062DFED /* Plazr */;
			targetProxy = 6B7B28D21B7AAA670062DFED /* PBXContainerItemProxy */;
		};
/* End PBXTargetDependency section */

/* Begin PBXVariantGroup section */
		6B7B28B61B7AAA670062DFED /* Main.storyboard */ = {
			isa = PBXVariantGroup;
			children = (
				6B7B28B71B7AAA670062DFED /* Base */,
			);
			name = Main.storyboard;
			sourceTree = "<group>";
		};
		6B7B28BE1B7AAA670062DFED /* LaunchScreen.storyboard */ = {
			isa = PBXVariantGroup;
			children = (
				6B7B28BF1B7AAA670062DFED /* Base */,
			);
			name = LaunchScreen.storyboard;
			sourceTree = "<group>";
		};
/* End PBXVariantGroup section */

/* Begin XCBuildConfiguration section */
		6B7B28D81B7AAA670062DFED /* Debug */ = {
			isa = XCBuildConfiguration;
			buildSettings = {
				ALWAYS_SEARCH_USER_PATHS = NO;
				CLANG_CXX_LANGUAGE_STANDARD = "gnu++0x";
				CLANG_CXX_LIBRARY = "libc++";
				CLANG_ENABLE_MODULES = YES;
				CLANG_ENABLE_OBJC_ARC = YES;
				CLANG_WARN_BOOL_CONVERSION = YES;
				CLANG_WARN_CONSTANT_CONVERSION = YES;
				CLANG_WARN_DIRECT_OBJC_ISA_USAGE = YES_ERROR;
				CLANG_WARN_EMPTY_BODY = YES;
				CLANG_WARN_ENUM_CONVERSION = YES;
				CLANG_WARN_INT_CONVERSION = YES;
				CLANG_WARN_OBJC_ROOT_CLASS = YES_ERROR;
				CLANG_WARN_UNREACHABLE_CODE = YES;
				CLANG_WARN__DUPLICATE_METHOD_MATCH = YES;
				"CODE_SIGN_IDENTITY[sdk=iphoneos*]" = "iPhone Developer";
				COPY_PHASE_STRIP = NO;
				DEBUG_INFORMATION_FORMAT = dwarf;
				ENABLE_STRICT_OBJC_MSGSEND = YES;
				ENABLE_TESTABILITY = YES;
				GCC_C_LANGUAGE_STANDARD = gnu99;
				GCC_DYNAMIC_NO_PIC = NO;
				GCC_NO_COMMON_BLOCKS = YES;
				GCC_OPTIMIZATION_LEVEL = 0;
				GCC_PREPROCESSOR_DEFINITIONS = (
					"DEBUG=1",
					"$(inherited)",
				);
				GCC_WARN_64_TO_32_BIT_CONVERSION = YES;
				GCC_WARN_ABOUT_RETURN_TYPE = YES_ERROR;
				GCC_WARN_UNDECLARED_SELECTOR = YES;
				GCC_WARN_UNINITIALIZED_AUTOS = YES_AGGRESSIVE;
				GCC_WARN_UNUSED_FUNCTION = YES;
				GCC_WARN_UNUSED_VARIABLE = YES;
				IPHONEOS_DEPLOYMENT_TARGET = 9.0;
				MTL_ENABLE_DEBUG_INFO = YES;
				ONLY_ACTIVE_ARCH = YES;
				SDKROOT = iphoneos;
				SWIFT_OPTIMIZATION_LEVEL = "-Onone";
				TARGETED_DEVICE_FAMILY = "1,2";
			};
			name = Debug;
		};
		6B7B28D91B7AAA670062DFED /* Release */ = {
			isa = XCBuildConfiguration;
			buildSettings = {
				ALWAYS_SEARCH_USER_PATHS = NO;
				CLANG_CXX_LANGUAGE_STANDARD = "gnu++0x";
				CLANG_CXX_LIBRARY = "libc++";
				CLANG_ENABLE_MODULES = YES;
				CLANG_ENABLE_OBJC_ARC = YES;
				CLANG_WARN_BOOL_CONVERSION = YES;
				CLANG_WARN_CONSTANT_CONVERSION = YES;
				CLANG_WARN_DIRECT_OBJC_ISA_USAGE = YES_ERROR;
				CLANG_WARN_EMPTY_BODY = YES;
				CLANG_WARN_ENUM_CONVERSION = YES;
				CLANG_WARN_INT_CONVERSION = YES;
				CLANG_WARN_OBJC_ROOT_CLASS = YES_ERROR;
				CLANG_WARN_UNREACHABLE_CODE = YES;
				CLANG_WARN__DUPLICATE_METHOD_MATCH = YES;
				"CODE_SIGN_IDENTITY[sdk=iphoneos*]" = "iPhone Developer";
				COPY_PHASE_STRIP = NO;
				DEBUG_INFORMATION_FORMAT = "dwarf-with-dsym";
				ENABLE_NS_ASSERTIONS = NO;
				ENABLE_STRICT_OBJC_MSGSEND = YES;
				GCC_C_LANGUAGE_STANDARD = gnu99;
				GCC_NO_COMMON_BLOCKS = YES;
				GCC_WARN_64_TO_32_BIT_CONVERSION = YES;
				GCC_WARN_ABOUT_RETURN_TYPE = YES_ERROR;
				GCC_WARN_UNDECLARED_SELECTOR = YES;
				GCC_WARN_UNINITIALIZED_AUTOS = YES_AGGRESSIVE;
				GCC_WARN_UNUSED_FUNCTION = YES;
				GCC_WARN_UNUSED_VARIABLE = YES;
				IPHONEOS_DEPLOYMENT_TARGET = 9.0;
				MTL_ENABLE_DEBUG_INFO = NO;
				SDKROOT = iphoneos;
				TARGETED_DEVICE_FAMILY = "1,2";
				VALIDATE_PRODUCT = YES;
			};
			name = Release;
		};
		6B7B28DB1B7AAA670062DFED /* Debug */ = {
			isa = XCBuildConfiguration;
			buildSettings = {
				ASSETCATALOG_COMPILER_APPICON_NAME = AppIcon;
				INFOPLIST_FILE = Plazr/Info.plist;
				LD_RUNPATH_SEARCH_PATHS = "$(inherited) @executable_path/Frameworks";
				PRODUCT_BUNDLE_IDENTIFIER = net.cmyr.Plazr;
				PRODUCT_NAME = "$(TARGET_NAME)";
			};
			name = Debug;
		};
		6B7B28DC1B7AAA670062DFED /* Release */ = {
			isa = XCBuildConfiguration;
			buildSettings = {
				ASSETCATALOG_COMPILER_APPICON_NAME = AppIcon;
				INFOPLIST_FILE = Plazr/Info.plist;
				LD_RUNPATH_SEARCH_PATHS = "$(inherited) @executable_path/Frameworks";
				PRODUCT_BUNDLE_IDENTIFIER = net.cmyr.Plazr;
				PRODUCT_NAME = "$(TARGET_NAME)";
			};
			name = Release;
		};
		6B7B28DE1B7AAA670062DFED /* Debug */ = {
			isa = XCBuildConfiguration;
			buildSettings = {
				BUNDLE_LOADER = "$(TEST_HOST)";
				INFOPLIST_FILE = PlazrTests/Info.plist;
				LD_RUNPATH_SEARCH_PATHS = "$(inherited) @executable_path/Frameworks @loader_path/Frameworks";
				PRODUCT_BUNDLE_IDENTIFIER = net.cmyr.PlazrTests;
				PRODUCT_NAME = "$(TARGET_NAME)";
				TEST_HOST = "$(BUILT_PRODUCTS_DIR)/Plazr.app/Plazr";
			};
			name = Debug;
		};
		6B7B28DF1B7AAA670062DFED /* Release */ = {
			isa = XCBuildConfiguration;
			buildSettings = {
				BUNDLE_LOADER = "$(TEST_HOST)";
				INFOPLIST_FILE = PlazrTests/Info.plist;
				LD_RUNPATH_SEARCH_PATHS = "$(inherited) @executable_path/Frameworks @loader_path/Frameworks";
				PRODUCT_BUNDLE_IDENTIFIER = net.cmyr.PlazrTests;
				PRODUCT_NAME = "$(TARGET_NAME)";
				TEST_HOST = "$(BUILT_PRODUCTS_DIR)/Plazr.app/Plazr";
			};
			name = Release;
		};
		6B7B28E11B7AAA670062DFED /* Debug */ = {
			isa = XCBuildConfiguration;
			buildSettings = {
				INFOPLIST_FILE = PlazrUITests/Info.plist;
				LD_RUNPATH_SEARCH_PATHS = "$(inherited) @executable_path/Frameworks @loader_path/Frameworks";
				PRODUCT_BUNDLE_IDENTIFIER = net.cmyr.PlazrUITests;
				PRODUCT_NAME = "$(TARGET_NAME)";
				TEST_TARGET_NAME = Plazr;
				USES_XCTRUNNER = YES;
			};
			name = Debug;
		};
		6B7B28E21B7AAA670062DFED /* Release */ = {
			isa = XCBuildConfiguration;
			buildSettings = {
				INFOPLIST_FILE = PlazrUITests/Info.plist;
				LD_RUNPATH_SEARCH_PATHS = "$(inherited) @executable_path/Frameworks @loader_path/Frameworks";
				PRODUCT_BUNDLE_IDENTIFIER = net.cmyr.PlazrUITests;
				PRODUCT_NAME = "$(TARGET_NAME)";
				TEST_TARGET_NAME = Plazr;
				USES_XCTRUNNER = YES;
			};
			name = Release;
		};
/* End XCBuildConfiguration section */

/* Begin XCConfigurationList section */
		6B7B28AA1B7AAA670062DFED /* Build configuration list for PBXProject "Plazr" */ = {
			isa = XCConfigurationList;
			buildConfigurations = (
				6B7B28D81B7AAA670062DFED /* Debug */,
				6B7B28D91B7AAA670062DFED /* Release */,
			);
			defaultConfigurationIsVisible = 0;
			defaultConfigurationName = Release;
		};
		6B7B28DA1B7AAA670062DFED /* Build configuration list for PBXNativeTarget "Plazr" */ = {
			isa = XCConfigurationList;
			buildConfigurations = (
				6B7B28DB1B7AAA670062DFED /* Debug */,
				6B7B28DC1B7AAA670062DFED /* Release */,
			);
			defaultConfigurationIsVisible = 0;
			defaultConfigurationName = Release;
		};
		6B7B28DD1B7AAA670062DFED /* Build configuration list for PBXNativeTarget "PlazrTests" */ = {
			isa = XCConfigurationList;
			buildConfigurations = (
				6B7B28DE1B7AAA670062DFED /* Debug */,
				6B7B28DF1B7AAA670062DFED /* Release */,
			);
			defaultConfigurationIsVisible = 0;
			defaultConfigurationName = Release;
		};
		6B7B28E01B7AAA670062DFED /* Build configuration list for PBXNativeTarget "PlazrUITests" */ = {
			isa = XCConfigurationList;
			buildConfigurations = (
				6B7B28E11B7AAA670062DFED /* Debug */,
				6B7B28E21B7AAA670062DFED /* Release */,
			);
			defaultConfigurationIsVisible = 0;
			defaultConfigurationName = Release;
		};
/* End XCConfigurationList section */

/* Begin XCVersionGroup section */
		6B7B28B91B7AAA670062DFED /* Plazr.xcdatamodeld */ = {
			isa = XCVersionGroup;
			children = (
				6B7B28BA1B7AAA670062DFED /* Plazr.xcdatamodel */,
			);
			currentVersion = 6B7B28BA1B7AAA670062DFED /* Plazr.xcdatamodel */;
			path = Plazr.xcdatamodeld;
			sourceTree = "<group>";
			versionGroupType = wrapper.xcdatamodel;
		};
/* End XCVersionGroup section */
	};
	rootObject = 6B7B28A71B7AAA670062DFED /* Project object */;
}
